
Microsoft Visual Studio Solution File, Format Version 12.00
# Visual Studio 2012
Project("{FAE04EC0-301F-11D3-BF4B-00C04F79EFBC}") = "PagerViewController", "PagerViewController\PagerViewController.csproj", "{7129BABF-BDFF-492B-A19E-73240656573D}"
EndProject
Project("{FAE04EC0-301F-11D3-BF4B-00C04F79EFBC}") = "PagerViewController.Sample", "PagerViewController.Sample\PagerViewController.Sample.csproj", "{184DDE23-30A9-44F5-B133-AA5C0D12EC3D}"
EndProject
Global
	GlobalSection(SolutionConfigurationPlatforms) = preSolution
		Debug|Any CPU = Debug|Any CPU
		Release|Any CPU = Release|Any CPU
		Debug|iPhoneSimulator = Debug|iPhoneSimulator
		Release|iPhone = Release|iPhone
		Release|iPhoneSimulator = Release|iPhoneSimulator
		Debug|iPhone = Debug|iPhone
	EndGlobalSection
	GlobalSection(ProjectConfigurationPlatforms) = postSolution
		{7129BABF-BDFF-492B-A19E-73240656573D}.Debug|Any CPU.ActiveCfg = Debug|Any CPU
		{7129BABF-BDFF-492B-A19E-73240656573D}.Debug|Any CPU.Build.0 = Debug|Any CPU
		{7129BABF-BDFF-492B-A19E-73240656573D}.Release|Any CPU.ActiveCfg = Release|Any CPU
		{7129BABF-BDFF-492B-A19E-73240656573D}.Release|Any CPU.Build.0 = Release|Any CPU
		{7129BABF-BDFF-492B-A19E-73240656573D}.Debug|iPhoneSimulator.ActiveCfg = Debug|Any CPU
		{7129BABF-BDFF-492B-A19E-73240656573D}.Debug|iPhoneSimulator.Build.0 = Debug|Any CPU
		{7129BABF-BDFF-492B-A19E-73240656573D}.Release|iPhone.ActiveCfg = Release|Any CPU
		{7129BABF-BDFF-492B-A19E-73240656573D}.Release|iPhone.Build.0 = Release|Any CPU
		{7129BABF-BDFF-492B-A19E-73240656573D}.Release|iPhoneSimulator.ActiveCfg = Release|Any CPU
		{7129BABF-BDFF-492B-A19E-73240656573D}.Release|iPhoneSimulator.Build.0 = Release|Any CPU
		{7129BABF-BDFF-492B-A19E-73240656573D}.Debug|iPhone.ActiveCfg = Debug|Any CPU
		{7129BABF-BDFF-492B-A19E-73240656573D}.Debug|iPhone.Build.0 = Debug|Any CPU
		{184DDE23-30A9-44F5-B133-AA5C0D12EC3D}.Debug|Any CPU.ActiveCfg = Debug|iPhoneSimulator
		{184DDE23-30A9-44F5-B133-AA5C0D12EC3D}.Debug|Any CPU.Build.0 = Debug|iPhoneSimulator
		{184DDE23-30A9-44F5-B133-AA5C0D12EC3D}.Release|Any CPU.ActiveCfg = Release|iPhone
		{184DDE23-30A9-44F5-B133-AA5C0D12EC3D}.Release|Any CPU.Build.0 = Release|iPhone
		{184DDE23-30A9-44F5-B133-AA5C0D12EC3D}.Debug|iPhoneSimulator.ActiveCfg = Debug|iPhoneSimulator
		{184DDE23-30A9-44F5-B133-AA5C0D12EC3D}.Debug|iPhoneSimulator.Build.0 = Debug|iPhoneSimulator
		{184DDE23-30A9-44F5-B133-AA5C0D12EC3D}.Release|iPhone.ActiveCfg = Release|iPhone
		{184DDE23-30A9-44F5-B133-AA5C0D12EC3D}.Release|iPhone.Build.0 = Release|iPhone
		{184DDE23-30A9-44F5-B133-AA5C0D12EC3D}.Release|iPhoneSimulator.ActiveCfg = Release|iPhoneSimulator
		{184DDE23-30A9-44F5-B133-AA5C0D12EC3D}.Release|iPhoneSimulator.Build.0 = Release|iPhoneSimulator
		{184DDE23-30A9-44F5-B133-AA5C0D12EC3D}.Debug|iPhone.ActiveCfg = Debug|iPhone
		{184DDE23-30A9-44F5-B133-AA5C0D12EC3D}.Debug|iPhone.Build.0 = Debug|iPhone
	EndGlobalSection
EndGlobal
